
Microsoft Visual Studio Solution File, Format Version 12.00
# Visual Studio 15
VisualStudioVersion = 15.0.28010.2041
MinimumVisualStudioVersion = 10.0.40219.1
Project("{9A19103F-16F7-4668-BE54-9A1E7A4F7556}") = "CosmosDBMetrics", "CosmosDBMetrics\CosmosDBMetrics.csproj", "{AC3C88C7-8B35-450F-BD71-0A17D9686C34}"
EndProject
Project("{9A19103F-16F7-4668-BE54-9A1E7A4F7556}") = "SpectoLogic.Azure.CosmosDB.Metrics", "SpectoLogic.Azure.CosmosDB.Metrics\SpectoLogic.Azure.CosmosDB.Metrics.csproj", "{8DDCDBE6-158B-4907-A075-8E029C89A7A1}"
EndProject
Global
	GlobalSection(SolutionConfigurationPlatforms) = preSolution
		Debug|Any CPU = Debug|Any CPU
		Release|Any CPU = Release|Any CPU
	EndGlobalSection
	GlobalSection(ProjectConfigurationPlatforms) = postSolution
		{AC3C88C7-8B35-450F-BD71-0A17D9686C34}.Debug|Any CPU.ActiveCfg = Debug|Any CPU
		{AC3C88C7-8B35-450F-BD71-0A17D9686C34}.Debug|Any CPU.Build.0 = Debug|Any CPU
		{AC3C88C7-8B35-450F-BD71-0A17D9686C34}.Release|Any CPU.ActiveCfg = Release|Any CPU
		{AC3C88C7-8B35-450F-BD71-0A17D9686C34}.Release|Any CPU.Build.0 = Release|Any CPU
		{8DDCDBE6-158B-4907-A075-8E029C89A7A1}.Debug|Any CPU.ActiveCfg = Debug|Any CPU
		{8DDCDBE6-158B-4907-A075-8E029C89A7A1}.Debug|Any CPU.Build.0 = Debug|Any CPU
		{8DDCDBE6-158B-4907-A075-8E029C89A7A1}.Release|Any CPU.ActiveCfg = Release|Any CPU
		{8DDCDBE6-158B-4907-A075-8E029C89A7A1}.Release|Any CPU.Build.0 = Release|Any CPU
	EndGlobalSection
	GlobalSection(SolutionProperties) = preSolution
		HideSolutionNode = FALSE
	EndGlobalSection
	GlobalSection(ExtensibilityGlobals) = postSolution
		SolutionGuid = {1C6F18B9-36B7-4B62-A395-698CFEFAF055}
	EndGlobalSection
EndGlobal
